
Microsoft Visual Studio Solution File, Format Version 12.00
# Visual Studio 15
VisualStudioVersion = 15.0.27428.2037
MinimumVisualStudioVersion = 10.0.40219.1
Project("{FAE04EC0-301F-11D3-BF4B-00C04F79EFBC}") = "WinForm", "projetDesignPatern4AL1G16\WinForm.csproj", "{770B2707-0A6B-4663-A061-99FF63ADB609}"
EndProject
Project("{FAE04EC0-301F-11D3-BF4B-00C04F79EFBC}") = "DAL", "DAL\DAL.csproj", "{642E9334-23E9-47D3-8F96-733E07AE5AE7}"
EndProject
Project("{FAE04EC0-301F-11D3-BF4B-00C04F79EFBC}") = "DTO", "DTO\DTO.csproj", "{4ED9689E-ADB0-4F75-A302-B1304AAA409A}"
EndProject
Project("{FAE04EC0-301F-11D3-BF4B-00C04F79EFBC}") = "Test", "Test\Test.csproj", "{3392E227-C716-48E9-BDFB-B7B913366722}"
EndProject
Global
	GlobalSection(SolutionConfigurationPlatforms) = preSolution
		Debug|Any CPU = Debug|Any CPU
		Debug|ARM = Debug|ARM
		Debug|x64 = Debug|x64
		Debug|x86 = Debug|x86
		Release|Any CPU = Release|Any CPU
		Release|ARM = Release|ARM
		Release|x64 = Release|x64
		Release|x86 = Release|x86
	EndGlobalSection
	GlobalSection(ProjectConfigurationPlatforms) = postSolution
		{770B2707-0A6B-4663-A061-99FF63ADB609}.Debug|Any CPU.ActiveCfg = Debug|Any CPU
		{770B2707-0A6B-4663-A061-99FF63ADB609}.Debug|Any CPU.Build.0 = Debug|Any CPU
		{770B2707-0A6B-4663-A061-99FF63ADB609}.Debug|ARM.ActiveCfg = Debug|Any CPU
		{770B2707-0A6B-4663-A061-99FF63ADB609}.Debug|ARM.Build.0 = Debug|Any CPU
		{770B2707-0A6B-4663-A061-99FF63ADB609}.Debug|x64.ActiveCfg = Debug|Any CPU
		{770B2707-0A6B-4663-A061-99FF63ADB609}.Debug|x64.Build.0 = Debug|Any CPU
		{770B2707-0A6B-4663-A061-99FF63ADB609}.Debug|x86.ActiveCfg = Debug|Any CPU
		{770B2707-0A6B-4663-A061-99FF63ADB609}.Debug|x86.Build.0 = Debug|Any CPU
		{770B2707-0A6B-4663-A061-99FF63ADB609}.Release|Any CPU.ActiveCfg = Release|Any CPU
		{770B2707-0A6B-4663-A061-99FF63ADB609}.Release|Any CPU.Build.0 = Release|Any CPU
		{770B2707-0A6B-4663-A061-99FF63ADB609}.Release|ARM.ActiveCfg = Release|Any CPU
		{770B2707-0A6B-4663-A061-99FF63ADB609}.Release|ARM.Build.0 = Release|Any CPU
		{770B2707-0A6B-4663-A061-99FF63ADB609}.Release|x64.ActiveCfg = Release|Any CPU
		{770B2707-0A6B-4663-A061-99FF63ADB609}.Release|x64.Build.0 = Release|Any CPU
		{770B2707-0A6B-4663-A061-99FF63ADB609}.Release|x86.ActiveCfg = Release|Any CPU
		{770B2707-0A6B-4663-A061-99FF63ADB609}.Release|x86.Build.0 = Release|Any CPU
		{642E9334-23E9-47D3-8F96-733E07AE5AE7}.Debug|Any CPU.ActiveCfg = Debug|Any CPU
		{642E9334-23E9-47D3-8F96-733E07AE5AE7}.Debug|Any CPU.Build.0 = Debug|Any CPU
		{642E9334-23E9-47D3-8F96-733E07AE5AE7}.Debug|ARM.ActiveCfg = Debug|Any CPU
		{642E9334-23E9-47D3-8F96-733E07AE5AE7}.Debug|ARM.Build.0 = Debug|Any CPU
		{642E9334-23E9-47D3-8F96-733E07AE5AE7}.Debug|x64.ActiveCfg = Debug|Any CPU
		{642E9334-23E9-47D3-8F96-733E07AE5AE7}.Debug|x64.Build.0 = Debug|Any CPU
		{642E9334-23E9-47D3-8F96-733E07AE5AE7}.Debug|x86.ActiveCfg = Debug|Any CPU
		{642E9334-23E9-47D3-8F96-733E07AE5AE7}.Debug|x86.Build.0 = Debug|Any CPU
		{642E9334-23E9-47D3-8F96-733E07AE5AE7}.Release|Any CPU.ActiveCfg = Release|Any CPU
		{642E9334-23E9-47D3-8F96-733E07AE5AE7}.Release|Any CPU.Build.0 = Release|Any CPU
		{642E9334-23E9-47D3-8F96-733E07AE5AE7}.Release|ARM.ActiveCfg = Release|Any CPU
		{642E9334-23E9-47D3-8F96-733E07AE5AE7}.Release|ARM.Build.0 = Release|Any CPU
		{642E9334-23E9-47D3-8F96-733E07AE5AE7}.Release|x64.ActiveCfg = Release|Any CPU
		{642E9334-23E9-47D3-8F96-733E07AE5AE7}.Release|x64.Build.0 = Release|Any CPU
		{642E9334-23E9-47D3-8F96-733E07AE5AE7}.Release|x86.ActiveCfg = Release|Any CPU
		{642E9334-23E9-47D3-8F96-733E07AE5AE7}.Release|x86.Build.0 = Release|Any CPU
		{4ED9689E-ADB0-4F75-A302-B1304AAA409A}.Debug|Any CPU.ActiveCfg = Debug|Any CPU
		{4ED9689E-ADB0-4F75-A302-B1304AAA409A}.Debug|Any CPU.Build.0 = Debug|Any CPU
		{4ED9689E-ADB0-4F75-A302-B1304AAA409A}.Debug|ARM.ActiveCfg = Debug|Any CPU
		{4ED9689E-ADB0-4F75-A302-B1304AAA409A}.Debug|ARM.Build.0 = Debug|Any CPU
		{4ED9689E-ADB0-4F75-A302-B1304AAA409A}.Debug|x64.ActiveCfg = Debug|Any CPU
		{4ED9689E-ADB0-4F75-A302-B1304AAA409A}.Debug|x64.Build.0 = Debug|Any CPU
		{4ED9689E-ADB0-4F75-A302-B1304AAA409A}.Debug|x86.ActiveCfg = Debug|Any CPU
		{4ED9689E-ADB0-4F75-A302-B1304AAA409A}.Debug|x86.Build.0 = Debug|Any CPU
		{4ED9689E-ADB0-4F75-A302-B1304AAA409A}.Release|Any CPU.ActiveCfg = Release|Any CPU
		{4ED9689E-ADB0-4F75-A302-B1304AAA409A}.Release|Any CPU.Build.0 = Release|Any CPU
		{4ED9689E-ADB0-4F75-A302-B1304AAA409A}.Release|ARM.ActiveCfg = Release|Any CPU
		{4ED9689E-ADB0-4F75-A302-B1304AAA409A}.Release|ARM.Build.0 = Release|Any CPU
		{4ED9689E-ADB0-4F75-A302-B1304AAA409A}.Release|x64.ActiveCfg = Release|Any CPU
		{4ED9689E-ADB0-4F75-A302-B1304AAA409A}.Release|x64.Build.0 = Release|Any CPU
		{4ED9689E-ADB0-4F75-A302-B1304AAA409A}.Release|x86.ActiveCfg = Release|Any CPU
		{4ED9689E-ADB0-4F75-A302-B1304AAA409A}.Release|x86.Build.0 = Release|Any CPU
		{3392E227-C716-48E9-BDFB-B7B913366722}.Debug|Any CPU.ActiveCfg = Debug|Any CPU
		{3392E227-C716-48E9-BDFB-B7B913366722}.Debug|Any CPU.Build.0 = Debug|Any CPU
		{3392E227-C716-48E9-BDFB-B7B913366722}.Debug|ARM.ActiveCfg = Debug|Any CPU
		{3392E227-C716-48E9-BDFB-B7B913366722}.Debug|ARM.Build.0 = Debug|Any CPU
		{3392E227-C716-48E9-BDFB-B7B913366722}.Debug|x64.ActiveCfg = Debug|Any CPU
		{3392E227-C716-48E9-BDFB-B7B913366722}.Debug|x64.Build.0 = Debug|Any CPU
		{3392E227-C716-48E9-BDFB-B7B913366722}.Debug|x86.ActiveCfg = Debug|Any CPU
		{3392E227-C716-48E9-BDFB-B7B913366722}.Debug|x86.Build.0 = Debug|Any CPU
		{3392E227-C716-48E9-BDFB-B7B913366722}.Release|Any CPU.ActiveCfg = Release|Any CPU
		{3392E227-C716-48E9-BDFB-B7B913366722}.Release|Any CPU.Build.0 = Release|Any CPU
		{3392E227-C716-48E9-BDFB-B7B913366722}.Release|ARM.ActiveCfg = Release|Any CPU
		{3392E227-C716-48E9-BDFB-B7B913366722}.Release|ARM.Build.0 = Release|Any CPU
		{3392E227-C716-48E9-BDFB-B7B913366722}.Release|x64.ActiveCfg = Release|Any CPU
		{3392E227-C716-48E9-BDFB-B7B913366722}.Release|x64.Build.0 = Release|Any CPU
		{3392E227-C716-48E9-BDFB-B7B913366722}.Release|x86.ActiveCfg = Release|Any CPU
		{3392E227-C716-48E9-BDFB-B7B913366722}.Release|x86.Build.0 = Release|Any CPU
	EndGlobalSection
	GlobalSection(SolutionProperties) = preSolution
		HideSolutionNode = FALSE
	EndGlobalSection
	GlobalSection(ExtensibilityGlobals) = postSolution
		SolutionGuid = {C475B267-87A2-4DC6-84AC-10D4199DD7C8}
	EndGlobalSection
EndGlobal
